// !$*UTF8*$!
{
	archiveVersion = 1;
	classes = {
	};
	objectVersion = 55;
	objects = {

/* Begin PBXBuildFile section */
		5F19975C28777CB0002A2DFB /* AppDelegate.swift in Sources */ = {isa = PBXBuildFile; fileRef = 5F19975B28777CB0002A2DFB /* AppDelegate.swift */; };
		5F19975E28777CB0002A2DFB /* SceneDelegate.swift in Sources */ = {isa = PBXBuildFile; fileRef = 5F19975D28777CB0002A2DFB /* SceneDelegate.swift */; };
		5F19976528777CB5002A2DFB /* Assets.xcassets in Resources */ = {isa = PBXBuildFile; fileRef = 5F19976428777CB5002A2DFB /* Assets.xcassets */; };
		5F19976828777CB5002A2DFB /* LaunchScreen.storyboard in Resources */ = {isa = PBXBuildFile; fileRef = 5F19976628777CB5002A2DFB /* LaunchScreen.storyboard */; };
		5F19977028777D0D002A2DFB /* TabBarController.swift in Sources */ = {isa = PBXBuildFile; fileRef = 5F19976F28777D0D002A2DFB /* TabBarController.swift */; };
		5F19977528777D90002A2DFB /* HomeController.swift in Sources */ = {isa = PBXBuildFile; fileRef = 5F19977328777D90002A2DFB /* HomeController.swift */; };
		5F19977628777D90002A2DFB /* HomeController.xib in Resources */ = {isa = PBXBuildFile; fileRef = 5F19977428777D90002A2DFB /* HomeController.xib */; };
		5F19977928777DC5002A2DFB /* SearchController.swift in Sources */ = {isa = PBXBuildFile; fileRef = 5F19977728777DC5002A2DFB /* SearchController.swift */; };
		5F19977A28777DC5002A2DFB /* SearchController.xib in Resources */ = {isa = PBXBuildFile; fileRef = 5F19977828777DC5002A2DFB /* SearchController.xib */; };
		5F271EED287B109800A70A13 /* BreedManager.swift in Sources */ = {isa = PBXBuildFile; fileRef = 5F271EEC287B109800A70A13 /* BreedManager.swift */; };
		5F271EF5287B55AB00A70A13 /* BreedDataModel.swift in Sources */ = {isa = PBXBuildFile; fileRef = 5F271EF4287B55AB00A70A13 /* BreedDataModel.swift */; };
		5FB90F482877BC4100B04644 /* CollectionViewCell.swift in Sources */ = {isa = PBXBuildFile; fileRef = 5FB90F462877BC4100B04644 /* CollectionViewCell.swift */; };
		5FB90F492877BC4100B04644 /* CollectionViewCell.xib in Resources */ = {isa = PBXBuildFile; fileRef = 5FB90F472877BC4100B04644 /* CollectionViewCell.xib */; };
		5FB90F4C2877E1BC00B04644 /* TableViewCell.swift in Sources */ = {isa = PBXBuildFile; fileRef = 5FB90F4A2877E1BC00B04644 /* TableViewCell.swift */; };
		5FB90F4D2877E1BC00B04644 /* TableViewCell.xib in Resources */ = {isa = PBXBuildFile; fileRef = 5FB90F4B2877E1BC00B04644 /* TableViewCell.xib */; };
		5FB90F502877EE8000B04644 /* DetailedController.swift in Sources */ = {isa = PBXBuildFile; fileRef = 5FB90F4E2877EE7F00B04644 /* DetailedController.swift */; };
		5FB90F512877EE8000B04644 /* DetailedController.xib in Resources */ = {isa = PBXBuildFile; fileRef = 5FB90F4F2877EE7F00B04644 /* DetailedController.xib */; };
		A021DA6040F714F1575CCDD1 /* Pods_TheDogApp.framework in Frameworks */ = {isa = PBXBuildFile; fileRef = 159E4FB490BBBECA8F985F21 /* Pods_TheDogApp.framework */; };
/* End PBXBuildFile section */

/* Begin PBXFileReference section */
		159E4FB490BBBECA8F985F21 /* Pods_TheDogApp.framework */ = {isa = PBXFileReference; explicitFileType = wrapper.framework; includeInIndex = 0; path = Pods_TheDogApp.framework; sourceTree = BUILT_PRODUCTS_DIR; };
		5F19975828777CB0002A2DFB /* TheDogApp.app */ = {isa = PBXFileReference; explicitFileType = wrapper.application; includeInIndex = 0; path = TheDogApp.app; sourceTree = BUILT_PRODUCTS_DIR; };
		5F19975B28777CB0002A2DFB /* AppDelegate.swift */ = {isa = PBXFileReference; lastKnownFileType = sourcecode.swift; path = AppDelegate.swift; sourceTree = "<group>"; };
		5F19975D28777CB0002A2DFB /* SceneDelegate.swift */ = {isa = PBXFileReference; lastKnownFileType = sourcecode.swift; path = SceneDelegate.swift; sourceTree = "<group>"; };
		5F19976428777CB5002A2DFB /* Assets.xcassets */ = {isa = PBXFileReference; lastKnownFileType = folder.assetcatalog; path = Assets.xcassets; sourceTree = "<group>"; };
		5F19976728777CB5002A2DFB /* Base */ = {isa = PBXFileReference; lastKnownFileType = file.storyboard; name = Base; path = Base.lproj/LaunchScreen.storyboard; sourceTree = "<group>"; };
		5F19976928777CB5002A2DFB /* Info.plist */ = {isa = PBXFileReference; lastKnownFileType = text.plist.xml; path = Info.plist; sourceTree = "<group>"; };
		5F19976F28777D0D002A2DFB /* TabBarController.swift */ = {isa = PBXFileReference; lastKnownFileType = sourcecode.swift; path = TabBarController.swift; sourceTree = "<group>"; };
		5F19977328777D90002A2DFB /* HomeController.swift */ = {isa = PBXFileReference; lastKnownFileType = sourcecode.swift; path = HomeController.swift; sourceTree = "<group>"; };
		5F19977428777D90002A2DFB /* HomeController.xib */ = {isa = PBXFileReference; lastKnownFileType = file.xib; path = HomeController.xib; sourceTree = "<group>"; };
		5F19977728777DC5002A2DFB /* SearchController.swift */ = {isa = PBXFileReference; lastKnownFileType = sourcecode.swift; path = SearchController.swift; sourceTree = "<group>"; };
		5F19977828777DC5002A2DFB /* SearchController.xib */ = {isa = PBXFileReference; lastKnownFileType = file.xib; path = SearchController.xib; sourceTree = "<group>"; };
		5F271EEC287B109800A70A13 /* BreedManager.swift */ = {isa = PBXFileReference; lastKnownFileType = sourcecode.swift; path = BreedManager.swift; sourceTree = "<group>"; };
		5F271EF4287B55AB00A70A13 /* BreedDataModel.swift */ = {isa = PBXFileReference; lastKnownFileType = sourcecode.swift; path = BreedDataModel.swift; sourceTree = "<group>"; };
		5FB90F462877BC4100B04644 /* CollectionViewCell.swift */ = {isa = PBXFileReference; lastKnownFileType = sourcecode.swift; path = CollectionViewCell.swift; sourceTree = "<group>"; };
		5FB90F472877BC4100B04644 /* CollectionViewCell.xib */ = {isa = PBXFileReference; lastKnownFileType = file.xib; path = CollectionViewCell.xib; sourceTree = "<group>"; };
		5FB90F4A2877E1BC00B04644 /* TableViewCell.swift */ = {isa = PBXFileReference; lastKnownFileType = sourcecode.swift; path = TableViewCell.swift; sourceTree = "<group>"; };
		5FB90F4B2877E1BC00B04644 /* TableViewCell.xib */ = {isa = PBXFileReference; lastKnownFileType = file.xib; path = TableViewCell.xib; sourceTree = "<group>"; };
		5FB90F4E2877EE7F00B04644 /* DetailedController.swift */ = {isa = PBXFileReference; lastKnownFileType = sourcecode.swift; path = DetailedController.swift; sourceTree = "<group>"; };
		5FB90F4F2877EE7F00B04644 /* DetailedController.xib */ = {isa = PBXFileReference; lastKnownFileType = file.xib; path = DetailedController.xib; sourceTree = "<group>"; };
		BE5A11524B0CB7DA7AC18F70 /* Pods-TheDogApp.release.xcconfig */ = {isa = PBXFileReference; includeInIndex = 1; lastKnownFileType = text.xcconfig; name = "Pods-TheDogApp.release.xcconfig"; path = "Target Support Files/Pods-TheDogApp/Pods-TheDogApp.release.xcconfig"; sourceTree = "<group>"; };
		E19794E512222856DAF4334D /* Pods-TheDogApp.debug.xcconfig */ = {isa = PBXFileReference; includeInIndex = 1; lastKnownFileType = text.xcconfig; name = "Pods-TheDogApp.debug.xcconfig"; path = "Target Support Files/Pods-TheDogApp/Pods-TheDogApp.debug.xcconfig"; sourceTree = "<group>"; };
/* End PBXFileReference section */

/* Begin PBXFrameworksBuildPhase section */
		5F19975528777CB0002A2DFB /* Frameworks */ = {
			isa = PBXFrameworksBuildPhase;
			buildActionMask = 2147483647;
			files = (
				A021DA6040F714F1575CCDD1 /* Pods_TheDogApp.framework in Frameworks */,
			);
			runOnlyForDeploymentPostprocessing = 0;
		};
/* End PBXFrameworksBuildPhase section */

/* Begin PBXGroup section */
		5F19974F28777CB0002A2DFB = {
			isa = PBXGroup;
			children = (
				5F19975A28777CB0002A2DFB /* TheDogApp */,
				5F19975928777CB0002A2DFB /* Products */,
				E93E7E7695A948E8B16990F9 /* Pods */,
				DF6A6477D01884A6061C346B /* Frameworks */,
			);
			sourceTree = "<group>";
		};
		5F19975928777CB0002A2DFB /* Products */ = {
			isa = PBXGroup;
			children = (
				5F19975828777CB0002A2DFB /* TheDogApp.app */,
			);
			name = Products;
			sourceTree = "<group>";
		};
		5F19975A28777CB0002A2DFB /* TheDogApp */ = {
			isa = PBXGroup;
			children = (
				5F19975B28777CB0002A2DFB /* AppDelegate.swift */,
				5F19975D28777CB0002A2DFB /* SceneDelegate.swift */,
				5F19976428777CB5002A2DFB /* Assets.xcassets */,
				5F19976628777CB5002A2DFB /* LaunchScreen.storyboard */,
				5F19976928777CB5002A2DFB /* Info.plist */,
				5F19977D28777E22002A2DFB /* Model */,
				5F19977B28777DF3002A2DFB /* View */,
				5F19977C28777E14002A2DFB /* Controller */,
			);
			path = TheDogApp;
			sourceTree = "<group>";
		};
		5F19977B28777DF3002A2DFB /* View */ = {
			isa = PBXGroup;
			children = (
				5F19977428777D90002A2DFB /* HomeController.xib */,
				5F19977828777DC5002A2DFB /* SearchController.xib */,
				5FB90F4F2877EE7F00B04644 /* DetailedController.xib */,
				5FB90F472877BC4100B04644 /* CollectionViewCell.xib */,
				5FB90F4B2877E1BC00B04644 /* TableViewCell.xib */,
			);
			path = View;
			sourceTree = "<group>";
		};
		5F19977C28777E14002A2DFB /* Controller */ = {
			isa = PBXGroup;
			children = (
				5F19976F28777D0D002A2DFB /* TabBarController.swift */,
				5F19977328777D90002A2DFB /* HomeController.swift */,
				5F19977728777DC5002A2DFB /* SearchController.swift */,
				5FB90F4E2877EE7F00B04644 /* DetailedController.swift */,
				5FB90F462877BC4100B04644 /* CollectionViewCell.swift */,
				5FB90F4A2877E1BC00B04644 /* TableViewCell.swift */,
			);
			path = Controller;
			sourceTree = "<group>";
		};
		5F19977D28777E22002A2DFB /* Model */ = {
			isa = PBXGroup;
			children = (
				5F271EF4287B55AB00A70A13 /* BreedDataModel.swift */,
				5F271EEC287B109800A70A13 /* BreedManager.swift */,
			);
			path = Model;
			sourceTree = "<group>";
		};
		DF6A6477D01884A6061C346B /* Frameworks */ = {
			isa = PBXGroup;
			children = (
				159E4FB490BBBECA8F985F21 /* Pods_TheDogApp.framework */,
			);
			name = Frameworks;
			sourceTree = "<group>";
		};
		E93E7E7695A948E8B16990F9 /* Pods */ = {
			isa = PBXGroup;
			children = (
				E19794E512222856DAF4334D /* Pods-TheDogApp.debug.xcconfig */,
				BE5A11524B0CB7DA7AC18F70 /* Pods-TheDogApp.release.xcconfig */,
			);
			path = Pods;
			sourceTree = "<group>";
		};
/* End PBXGroup section */

/* Begin PBXNativeTarget section */
		5F19975728777CB0002A2DFB /* TheDogApp */ = {
			isa = PBXNativeTarget;
			buildConfigurationList = 5F19976C28777CB5002A2DFB /* Build configuration list for PBXNativeTarget "TheDogApp" */;
			buildPhases = (
				7F300B9181E09B8A134A614A /* [CP] Check Pods Manifest.lock */,
				5F19975428777CB0002A2DFB /* Sources */,
				5F19975528777CB0002A2DFB /* Frameworks */,
				5F19975628777CB0002A2DFB /* Resources */,
			);
			buildRules = (
			);
			dependencies = (
			);
			name = TheDogApp;
			productName = TheDogApp;
			productReference = 5F19975828777CB0002A2DFB /* TheDogApp.app */;
			productType = "com.apple.product-type.application";
		};
/* End PBXNativeTarget section */

/* Begin PBXProject section */
		5F19975028777CB0002A2DFB /* Project object */ = {
			isa = PBXProject;
			attributes = {
				BuildIndependentTargetsInParallel = 1;
				LastSwiftUpdateCheck = 1340;
				LastUpgradeCheck = 1340;
				TargetAttributes = {
					5F19975728777CB0002A2DFB = {
						CreatedOnToolsVersion = 13.4.1;
					};
				};
			};
			buildConfigurationList = 5F19975328777CB0002A2DFB /* Build configuration list for PBXProject "TheDogApp" */;
			compatibilityVersion = "Xcode 13.0";
			developmentRegion = en;
			hasScannedForEncodings = 0;
			knownRegions = (
				en,
				Base,
			);
			mainGroup = 5F19974F28777CB0002A2DFB;
			productRefGroup = 5F19975928777CB0002A2DFB /* Products */;
			projectDirPath = "";
			projectRoot = "";
			targets = (
				5F19975728777CB0002A2DFB /* TheDogApp */,
			);
		};
/* End PBXProject section */

/* Begin PBXResourcesBuildPhase section */
		5F19975628777CB0002A2DFB /* Resources */ = {
			isa = PBXResourcesBuildPhase;
			buildActionMask = 2147483647;
			files = (
				5F19976828777CB5002A2DFB /* LaunchScreen.storyboard in Resources */,
				5FB90F4D2877E1BC00B04644 /* TableViewCell.xib in Resources */,
				5F19977628777D90002A2DFB /* HomeController.xib in Resources */,
				5F19976528777CB5002A2DFB /* Assets.xcassets in Resources */,
				5FB90F512877EE8000B04644 /* DetailedController.xib in Resources */,
				5F19977A28777DC5002A2DFB /* SearchController.xib in Resources */,
				5FB90F492877BC4100B04644 /* CollectionViewCell.xib in Resources */,
			);
			runOnlyForDeploymentPostprocessing = 0;
		};
/* End PBXResourcesBuildPhase section */

/* Begin PBXShellScriptBuildPhase section */
		7F300B9181E09B8A134A614A /* [CP] Check Pods Manifest.lock */ = {
			isa = PBXShellScriptBuildPhase;
			buildActionMask = 2147483647;
			files = (
			);
			inputFileListPaths = (
			);
			inputPaths = (
				"${PODS_PODFILE_DIR_PATH}/Podfile.lock",
				"${PODS_ROOT}/Manifest.lock",
			);
			name = "[CP] Check Pods Manifest.lock";
			outputFileListPaths = (
			);
			outputPaths = (
				"$(DERIVED_FILE_DIR)/Pods-TheDogApp-checkManifestLockResult.txt",
			);
			runOnlyForDeploymentPostprocessing = 0;
			shellPath = /bin/sh;
			shellScript = "diff \"${PODS_PODFILE_DIR_PATH}/Podfile.lock\" \"${PODS_ROOT}/Manifest.lock\" > /dev/null\nif [ $? != 0 ] ; then\n    # print error to STDERR\n    echo \"error: The sandbox is not in sync with the Podfile.lock. Run 'pod install' or update your CocoaPods installation.\" >&2\n    exit 1\nfi\n# This output is used by Xcode 'outputs' to avoid re-running this script phase.\necho \"SUCCESS\" > \"${SCRIPT_OUTPUT_FILE_0}\"\n";
			showEnvVarsInLog = 0;
		};
/* End PBXShellScriptBuildPhase section */

/* Begin PBXSourcesBuildPhase section */
		5F19975428777CB0002A2DFB /* Sources */ = {
			isa = PBXSourcesBuildPhase;
			buildActionMask = 2147483647;
			files = (
				5F19977528777D90002A2DFB /* HomeController.swift in Sources */,
				5F19977928777DC5002A2DFB /* SearchController.swift in Sources */,
				5FB90F482877BC4100B04644 /* CollectionViewCell.swift in Sources */,
				5F271EF5287B55AB00A70A13 /* BreedDataModel.swift in Sources */,
				5FB90F502877EE8000B04644 /* DetailedController.swift in Sources */,
				5F19977028777D0D002A2DFB /* TabBarController.swift in Sources */,
				5F271EED287B109800A70A13 /* BreedManager.swift in Sources */,
				5F19975C28777CB0002A2DFB /* AppDelegate.swift in Sources */,
				5FB90F4C2877E1BC00B04644 /* TableViewCell.swift in Sources */,
				5F19975E28777CB0002A2DFB /* SceneDelegate.swift in Sources */,
			);
			runOnlyForDeploymentPostprocessing = 0;
		};
/* End PBXSourcesBuildPhase section */

/* Begin PBXVariantGroup section */
		5F19976628777CB5002A2DFB /* LaunchScreen.storyboard */ = {
			isa = PBXVariantGroup;
			children = (
				5F19976728777CB5002A2DFB /* Base */,
			);
			name = LaunchScreen.storyboard;
			sourceTree = "<group>";
		};
/* End PBXVariantGroup section */

/* Begin XCBuildConfiguration section */
		5F19976A28777CB5002A2DFB /* Debug */ = {
			isa = XCBuildConfiguration;
			buildSettings = {
				ALWAYS_SEARCH_USER_PATHS = NO;
				CLANG_ANALYZER_NONNULL = YES;
				CLANG_ANALYZER_NUMBER_OBJECT_CONVERSION = YES_AGGRESSIVE;
				CLANG_CXX_LANGUAGE_STANDARD = "gnu++17";
				CLANG_ENABLE_MODULES = YES;
				CLANG_ENABLE_OBJC_ARC = YES;
				CLANG_ENABLE_OBJC_WEAK = YES;
				CLANG_WARN_BLOCK_CAPTURE_AUTORELEASING = YES;
				CLANG_WARN_BOOL_CONVERSION = YES;
				CLANG_WARN_COMMA = YES;
				CLANG_WARN_CONSTANT_CONVERSION = YES;
				CLANG_WARN_DEPRECATED_OBJC_IMPLEMENTATIONS = YES;
				CLANG_WARN_DIRECT_OBJC_ISA_USAGE = YES_ERROR;
				CLANG_WARN_DOCUMENTATION_COMMENTS = YES;
				CLANG_WARN_EMPTY_BODY = YES;
				CLANG_WARN_ENUM_CONVERSION = YES;
				CLANG_WARN_INFINITE_RECURSION = YES;
				CLANG_WARN_INT_CONVERSION = YES;
				CLANG_WARN_NON_LITERAL_NULL_CONVERSION = YES;
				CLANG_WARN_OBJC_IMPLICIT_RETAIN_SELF = YES;
				CLANG_WARN_OBJC_LITERAL_CONVERSION = YES;
				CLANG_WARN_OBJC_ROOT_CLASS = YES_ERROR;
				CLANG_WARN_QUOTED_INCLUDE_IN_FRAMEWORK_HEADER = YES;
				CLANG_WARN_RANGE_LOOP_ANALYSIS = YES;
				CLANG_WARN_STRICT_PROTOTYPES = YES;
				CLANG_WARN_SUSPICIOUS_MOVE = YES;
				CLANG_WARN_UNGUARDED_AVAILABILITY = YES_AGGRESSIVE;
				CLANG_WARN_UNREACHABLE_CODE = YES;
				CLANG_WARN__DUPLICATE_METHOD_MATCH = YES;
				COPY_PHASE_STRIP = NO;
				DEBUG_INFORMATION_FORMAT = dwarf;
				ENABLE_STRICT_OBJC_MSGSEND = YES;
				ENABLE_TESTABILITY = YES;
				GCC_C_LANGUAGE_STANDARD = gnu11;
				GCC_DYNAMIC_NO_PIC = NO;
				GCC_NO_COMMON_BLOCKS = YES;
				GCC_OPTIMIZATION_LEVEL = 0;
				GCC_PREPROCESSOR_DEFINITIONS = (
					"DEBUG=1",
					"$(inherited)",
				);
				GCC_WARN_64_TO_32_BIT_CONVERSION = YES;
				GCC_WARN_ABOUT_RETURN_TYPE = YES_ERROR;
				GCC_WARN_UNDECLARED_SELECTOR = YES;
				GCC_WARN_UNINITIALIZED_AUTOS = YES_AGGRESSIVE;
				GCC_WARN_UNUSED_FUNCTION = YES;
				GCC_WARN_UNUSED_VARIABLE = YES;
				IPHONEOS_DEPLOYMENT_TARGET = 15.5;
				MTL_ENABLE_DEBUG_INFO = INCLUDE_SOURCE;
				MTL_FAST_MATH = YES;
				ONLY_ACTIVE_ARCH = YES;
				SDKROOT = iphoneos;
				SWIFT_ACTIVE_COMPILATION_CONDITIONS = DEBUG;
				SWIFT_OPTIMIZATION_LEVEL = "-Onone";
			};
			name = Debug;
		};
		5F19976B28777CB5002A2DFB /* Release */ = {
			isa = XCBuildConfiguration;
			buildSettings = {
				ALWAYS_SEARCH_USER_PATHS = NO;
				CLANG_ANALYZER_NONNULL = YES;
				CLANG_ANALYZER_NUMBER_OBJECT_CONVERSION = YES_AGGRESSIVE;
				CLANG_CXX_LANGUAGE_STANDARD = "gnu++17";
				CLANG_ENABLE_MODULES = YES;
				CLANG_ENABLE_OBJC_ARC = YES;
				CLANG_ENABLE_OBJC_WEAK = YES;
				CLANG_WARN_BLOCK_CAPTURE_AUTORELEASING = YES;
				CLANG_WARN_BOOL_CONVERSION = YES;
				CLANG_WARN_COMMA = YES;
				CLANG_WARN_CONSTANT_CONVERSION = YES;
				CLANG_WARN_DEPRECATED_OBJC_IMPLEMENTATIONS = YES;
				CLANG_WARN_DIRECT_OBJC_ISA_USAGE = YES_ERROR;
				CLANG_WARN_DOCUMENTATION_COMMENTS = YES;
				CLANG_WARN_EMPTY_BODY = YES;
				CLANG_WARN_ENUM_CONVERSION = YES;
				CLANG_WARN_INFINITE_RECURSION = YES;
				CLANG_WARN_INT_CONVERSION = YES;
				CLANG_WARN_NON_LITERAL_NULL_CONVERSION = YES;
				CLANG_WARN_OBJC_IMPLICIT_RETAIN_SELF = YES;
				CLANG_WARN_OBJC_LITERAL_CONVERSION = YES;
				CLANG_WARN_OBJC_ROOT_CLASS = YES_ERROR;
				CLANG_WARN_QUOTED_INCLUDE_IN_FRAMEWORK_HEADER = YES;
				CLANG_WARN_RANGE_LOOP_ANALYSIS = YES;
				CLANG_WARN_STRICT_PROTOTYPES = YES;
				CLANG_WARN_SUSPICIOUS_MOVE = YES;
				CLANG_WARN_UNGUARDED_AVAILABILITY = YES_AGGRESSIVE;
				CLANG_WARN_UNREACHABLE_CODE = YES;
				CLANG_WARN__DUPLICATE_METHOD_MATCH = YES;
				COPY_PHASE_STRIP = NO;
				DEBUG_INFORMATION_FORMAT = "dwarf-with-dsym";
				ENABLE_NS_ASSERTIONS = NO;
				ENABLE_STRICT_OBJC_MSGSEND = YES;
				GCC_C_LANGUAGE_STANDARD = gnu11;
				GCC_NO_COMMON_BLOCKS = YES;
				GCC_WARN_64_TO_32_BIT_CONVERSION = YES;
				GCC_WARN_ABOUT_RETURN_TYPE = YES_ERROR;
				GCC_WARN_UNDECLARED_SELECTOR = YES;
				GCC_WARN_UNINITIALIZED_AUTOS = YES_AGGRESSIVE;
				GCC_WARN_UNUSED_FUNCTION = YES;
				GCC_WARN_UNUSED_VARIABLE = YES;
				IPHONEOS_DEPLOYMENT_TARGET = 15.5;
				MTL_ENABLE_DEBUG_INFO = NO;
				MTL_FAST_MATH = YES;
				SDKROOT = iphoneos;
				SWIFT_COMPILATION_MODE = wholemodule;
				SWIFT_OPTIMIZATION_LEVEL = "-O";
				VALIDATE_PRODUCT = YES;
			};
			name = Release;
		};
		5F19976D28777CB5002A2DFB /* Debug */ = {
			isa = XCBuildConfiguration;
			baseConfigurationReference = E19794E512222856DAF4334D /* Pods-TheDogApp.debug.xcconfig */;
			buildSettings = {
				ASSETCATALOG_COMPILER_APPICON_NAME = AppIcon;
				ASSETCATALOG_COMPILER_GLOBAL_ACCENT_COLOR_NAME = AccentColor;
				CODE_SIGN_STYLE = Automatic;
				CURRENT_PROJECT_VERSION = 1;
				DEVELOPMENT_TEAM = FY7AU3KGUV;
				GENERATE_INFOPLIST_FILE = YES;
				INFOPLIST_FILE = TheDogApp/Info.plist;
				INFOPLIST_KEY_UIApplicationSupportsIndirectInputEvents = YES;
				INFOPLIST_KEY_UILaunchStoryboardName = LaunchScreen;
				INFOPLIST_KEY_UISupportedInterfaceOrientations_iPad = "UIInterfaceOrientationPortrait UIInterfaceOrientationPortraitUpsideDown UIInterfaceOrientationLandscapeLeft UIInterfaceOrientationLandscapeRight";
				INFOPLIST_KEY_UISupportedInterfaceOrientations_iPhone = "UIInterfaceOrientationPortrait UIInterfaceOrientationLandscapeLeft UIInterfaceOrientationLandscapeRight";
				LD_RUNPATH_SEARCH_PATHS = (
					"$(inherited)",
					"@executable_path/Frameworks",
				);
				MARKETING_VERSION = 1.0;
				PRODUCT_BUNDLE_IDENTIFIER = com.joaobarros.TheDogApp;
				PRODUCT_NAME = "$(TARGET_NAME)";
				SWIFT_EMIT_LOC_STRINGS = YES;
				SWIFT_VERSION = 5.0;
				TARGETED_DEVICE_FAMILY = "1,2";
			};
			name = Debug;
		};
		5F19976E28777CB5002A2DFB /* Release */ = {
			isa = XCBuildConfiguration;
			baseConfigurationReference = BE5A11524B0CB7DA7AC18F70 /* Pods-TheDogApp.release.xcconfig */;
			buildSettings = {
				ASSETCATALOG_COMPILER_APPICON_NAME = AppIcon;
				ASSETCATALOG_COMPILER_GLOBAL_ACCENT_COLOR_NAME = AccentColor;
				CODE_SIGN_STYLE = Automatic;
				CURRENT_PROJECT_VERSION = 1;
				DEVELOPMENT_TEAM = FY7AU3KGUV;
				GENERATE_INFOPLIST_FILE = YES;
				INFOPLIST_FILE = TheDogApp/Info.plist;
				INFOPLIST_KEY_UIApplicationSupportsIndirectInputEvents = YES;
				INFOPLIST_KEY_UILaunchStoryboardName = LaunchScreen;
				INFOPLIST_KEY_UISupportedInterfaceOrientations_iPad = "UIInterfaceOrientationPortrait UIInterfaceOrientationPortraitUpsideDown UIInterfaceOrientationLandscapeLeft UIInterfaceOrientationLandscapeRight";
				INFOPLIST_KEY_UISupportedInterfaceOrientations_iPhone = "UIInterfaceOrientationPortrait UIInterfaceOrientationLandscapeLeft UIInterfaceOrientationLandscapeRight";
				LD_RUNPATH_SEARCH_PATHS = (
					"$(inherited)",
					"@executable_path/Frameworks",
				);
				MARKETING_VERSION = 1.0;
				PRODUCT_BUNDLE_IDENTIFIER = com.joaobarros.TheDogApp;
				PRODUCT_NAME = "$(TARGET_NAME)";
				SWIFT_EMIT_LOC_STRINGS = YES;
				SWIFT_VERSION = 5.0;
				TARGETED_DEVICE_FAMILY = "1,2";
			};
			name = Release;
		};
/* End XCBuildConfiguration section */

/* Begin XCConfigurationList section */
		5F19975328777CB0002A2DFB /* Build configuration list for PBXProject "TheDogApp" */ = {
			isa = XCConfigurationList;
			buildConfigurations = (
				5F19976A28777CB5002A2DFB /* Debug */,
				5F19976B28777CB5002A2DFB /* Release */,
			);
			defaultConfigurationIsVisible = 0;
			defaultConfigurationName = Release;
		};
		5F19976C28777CB5002A2DFB /* Build configuration list for PBXNativeTarget "TheDogApp" */ = {
			isa = XCConfigurationList;
			buildConfigurations = (
				5F19976D28777CB5002A2DFB /* Debug */,
				5F19976E28777CB5002A2DFB /* Release */,
			);
			defaultConfigurationIsVisible = 0;
			defaultConfigurationName = Release;
		};
/* End XCConfigurationList section */
	};
	rootObject = 5F19975028777CB0002A2DFB /* Project object */;
}
